
Microsoft Visual Studio Solution File, Format Version 12.00
# Visual Studio 15
VisualStudioVersion = 15.0.28307.645
MinimumVisualStudioVersion = 10.0.40219.1
Project("{2150E333-8FDC-42A3-9474-1A3956D46DE8}") = "Solution Items", "Solution Items", "{6C83357B-96B4-4E6F-8CFF-70CADF70AA5E}"
	ProjectSection(SolutionItems) = preProject
		SqlQuery_1.sql = SqlQuery_1.sql
	EndProjectSection
EndProject
Global
	GlobalSection(SolutionProperties) = preSolution
		HideSolutionNode = FALSE
	EndGlobalSection
	GlobalSection(ExtensibilityGlobals) = postSolution
		SolutionGuid = {EB90E62E-761A-4AE7-84A7-93C9E875811C}
	EndGlobalSection
EndGlobal
