
Microsoft Visual Studio Solution File, Format Version 12.00
# Visual Studio 15
VisualStudioVersion = 15.0.28307.645
MinimumVisualStudioVersion = 10.0.40219.1
Project("{2150E333-8FDC-42A3-9474-1A3956D46DE8}") = "Solution Items", "Solution Items", "{6C83357B-96B4-4E6F-8CFF-70CADF70AA5E}"
	ProjectSection(SolutionItems) = preProject
		SqlQuery_1.sql = SqlQuery_1.sql
	EndProjectSection
EndProject
Project("{FAE04EC0-301F-11D3-BF4B-00C04F79EFBC}") = "businesslogic", "businesslogic\businesslogic.csproj", "{30F65624-E9F5-4E73-A8C9-112574E6FAA5}"
EndProject
Project("{FAE04EC0-301F-11D3-BF4B-00C04F79EFBC}") = "workout.test", "unittest\workout.test.csproj", "{C9F6D36E-1ED4-47BC-9303-9D642C95DB2D}"
EndProject
Global
	GlobalSection(SolutionConfigurationPlatforms) = preSolution
		Debug|Any CPU = Debug|Any CPU
		Release|Any CPU = Release|Any CPU
	EndGlobalSection
	GlobalSection(ProjectConfigurationPlatforms) = postSolution
		{30F65624-E9F5-4E73-A8C9-112574E6FAA5}.Debug|Any CPU.ActiveCfg = Debug|Any CPU
		{30F65624-E9F5-4E73-A8C9-112574E6FAA5}.Debug|Any CPU.Build.0 = Debug|Any CPU
		{30F65624-E9F5-4E73-A8C9-112574E6FAA5}.Release|Any CPU.ActiveCfg = Release|Any CPU
		{30F65624-E9F5-4E73-A8C9-112574E6FAA5}.Release|Any CPU.Build.0 = Release|Any CPU
		{C9F6D36E-1ED4-47BC-9303-9D642C95DB2D}.Debug|Any CPU.ActiveCfg = Debug|Any CPU
		{C9F6D36E-1ED4-47BC-9303-9D642C95DB2D}.Debug|Any CPU.Build.0 = Debug|Any CPU
		{C9F6D36E-1ED4-47BC-9303-9D642C95DB2D}.Release|Any CPU.ActiveCfg = Release|Any CPU
		{C9F6D36E-1ED4-47BC-9303-9D642C95DB2D}.Release|Any CPU.Build.0 = Release|Any CPU
	EndGlobalSection
	GlobalSection(SolutionProperties) = preSolution
		HideSolutionNode = FALSE
	EndGlobalSection
	GlobalSection(ExtensibilityGlobals) = postSolution
		SolutionGuid = {EB90E62E-761A-4AE7-84A7-93C9E875811C}
	EndGlobalSection
EndGlobal
